// !$*UTF8*$!
{
	archiveVersion = 1;
	classes = {
	};
	objectVersion = 50;
	objects = {

/* Begin PBXBuildFile section */
		E5EB10A9227E224800D289FC /* AppDelegate.swift in Sources */ = {isa = PBXBuildFile; fileRef = E5EB10A8227E224800D289FC /* AppDelegate.swift */; };
		E5EB10AB227E224800D289FC /* art.scnassets in Resources */ = {isa = PBXBuildFile; fileRef = E5EB10AA227E224800D289FC /* art.scnassets */; };
		E5EB10AD227E224800D289FC /* ViewController.swift in Sources */ = {isa = PBXBuildFile; fileRef = E5EB10AC227E224800D289FC /* ViewController.swift */; };
		E5EB10B0227E224800D289FC /* Main.storyboard in Resources */ = {isa = PBXBuildFile; fileRef = E5EB10AE227E224800D289FC /* Main.storyboard */; };
		E5EB10B2227E224900D289FC /* Assets.xcassets in Resources */ = {isa = PBXBuildFile; fileRef = E5EB10B1227E224900D289FC /* Assets.xcassets */; };
		E5EB10B5227E224900D289FC /* LaunchScreen.storyboard in Resources */ = {isa = PBXBuildFile; fileRef = E5EB10B3227E224900D289FC /* LaunchScreen.storyboard */; };
		E5EB10BD227E23B400D289FC /* evolution_scene.mp4 in Resources */ = {isa = PBXBuildFile; fileRef = E5EB10BC227E23B300D289FC /* evolution_scene.mp4 */; };
/* End PBXBuildFile section */

/* Begin PBXFileReference section */
		E5EB10A5227E224800D289FC /* Evolution Animation.app */ = {isa = PBXFileReference; explicitFileType = wrapper.application; includeInIndex = 0; path = "Evolution Animation.app"; sourceTree = BUILT_PRODUCTS_DIR; };
		E5EB10A8227E224800D289FC /* AppDelegate.swift */ = {isa = PBXFileReference; lastKnownFileType = sourcecode.swift; path = AppDelegate.swift; sourceTree = "<group>"; };
		E5EB10AA227E224800D289FC /* art.scnassets */ = {isa = PBXFileReference; lastKnownFileType = wrapper.scnassets; path = art.scnassets; sourceTree = "<group>"; };
		E5EB10AC227E224800D289FC /* ViewController.swift */ = {isa = PBXFileReference; lastKnownFileType = sourcecode.swift; path = ViewController.swift; sourceTree = "<group>"; };
		E5EB10AF227E224800D289FC /* Base */ = {isa = PBXFileReference; lastKnownFileType = file.storyboard; name = Base; path = Base.lproj/Main.storyboard; sourceTree = "<group>"; };
		E5EB10B1227E224900D289FC /* Assets.xcassets */ = {isa = PBXFileReference; lastKnownFileType = folder.assetcatalog; path = Assets.xcassets; sourceTree = "<group>"; };
		E5EB10B4227E224900D289FC /* Base */ = {isa = PBXFileReference; lastKnownFileType = file.storyboard; name = Base; path = Base.lproj/LaunchScreen.storyboard; sourceTree = "<group>"; };
		E5EB10B6227E224900D289FC /* Info.plist */ = {isa = PBXFileReference; lastKnownFileType = text.plist.xml; path = Info.plist; sourceTree = "<group>"; };
		E5EB10BC227E23B300D289FC /* evolution_scene.mp4 */ = {isa = PBXFileReference; lastKnownFileType = file; path = evolution_scene.mp4; sourceTree = "<group>"; };
/* End PBXFileReference section */

/* Begin PBXFrameworksBuildPhase section */
		E5EB10A2227E224800D289FC /* Frameworks */ = {
			isa = PBXFrameworksBuildPhase;
			buildActionMask = 2147483647;
			files = (
			);
			runOnlyForDeploymentPostprocessing = 0;
		};
/* End PBXFrameworksBuildPhase section */

/* Begin PBXGroup section */
		E5EB109C227E224800D289FC = {
			isa = PBXGroup;
			children = (
				E5EB10A7227E224800D289FC /* Evolution Animation */,
				E5EB10A6227E224800D289FC /* Products */,
			);
			sourceTree = "<group>";
		};
		E5EB10A6227E224800D289FC /* Products */ = {
			isa = PBXGroup;
			children = (
				E5EB10A5227E224800D289FC /* Evolution Animation.app */,
			);
			name = Products;
			sourceTree = "<group>";
		};
		E5EB10A7227E224800D289FC /* Evolution Animation */ = {
			isa = PBXGroup;
			children = (
				E5EB10BC227E23B300D289FC /* evolution_scene.mp4 */,
				E5EB10A8227E224800D289FC /* AppDelegate.swift */,
				E5EB10AA227E224800D289FC /* art.scnassets */,
				E5EB10AC227E224800D289FC /* ViewController.swift */,
				E5EB10AE227E224800D289FC /* Main.storyboard */,
				E5EB10B1227E224900D289FC /* Assets.xcassets */,
				E5EB10B3227E224900D289FC /* LaunchScreen.storyboard */,
				E5EB10B6227E224900D289FC /* Info.plist */,
			);
			path = "Evolution Animation";
			sourceTree = "<group>";
		};
/* End PBXGroup section */

/* Begin PBXNativeTarget section */
		E5EB10A4227E224800D289FC /* Evolution Animation */ = {
			isa = PBXNativeTarget;
			buildConfigurationList = E5EB10B9227E224900D289FC /* Build configuration list for PBXNativeTarget "Evolution Animation" */;
			buildPhases = (
				E5EB10A1227E224800D289FC /* Sources */,
				E5EB10A2227E224800D289FC /* Frameworks */,
				E5EB10A3227E224800D289FC /* Resources */,
			);
			buildRules = (
			);
			dependencies = (
			);
			name = "Evolution Animation";
			productName = "Evolution Animation";
			productReference = E5EB10A5227E224800D289FC /* Evolution Animation.app */;
			productType = "com.apple.product-type.application";
		};
/* End PBXNativeTarget section */

/* Begin PBXProject section */
		E5EB109D227E224800D289FC /* Project object */ = {
			isa = PBXProject;
			attributes = {
				LastSwiftUpdateCheck = 1020;
				LastUpgradeCheck = 1020;
				ORGANIZATIONNAME = "Hiu Man Yeung";
				TargetAttributes = {
					E5EB10A4227E224800D289FC = {
						CreatedOnToolsVersion = 10.2.1;
					};
				};
			};
			buildConfigurationList = E5EB10A0227E224800D289FC /* Build configuration list for PBXProject "Evolution Animation" */;
			compatibilityVersion = "Xcode 9.3";
			developmentRegion = en;
			hasScannedForEncodings = 0;
			knownRegions = (
				en,
				Base,
			);
			mainGroup = E5EB109C227E224800D289FC;
			productRefGroup = E5EB10A6227E224800D289FC /* Products */;
			projectDirPath = "";
			projectRoot = "";
			targets = (
				E5EB10A4227E224800D289FC /* Evolution Animation */,
			);
		};
/* End PBXProject section */

/* Begin PBXResourcesBuildPhase section */
		E5EB10A3227E224800D289FC /* Resources */ = {
			isa = PBXResourcesBuildPhase;
			buildActionMask = 2147483647;
			files = (
				E5EB10BD227E23B400D289FC /* evolution_scene.mp4 in Resources */,
				E5EB10AB227E224800D289FC /* art.scnassets in Resources */,
				E5EB10B5227E224900D289FC /* LaunchScreen.storyboard in Resources */,
				E5EB10B2227E224900D289FC /* Assets.xcassets in Resources */,
				E5EB10B0227E224800D289FC /* Main.storyboard in Resources */,
			);
			runOnlyForDeploymentPostprocessing = 0;
		};
/* End PBXResourcesBuildPhase section */

/* Begin PBXSourcesBuildPhase section */
		E5EB10A1227E224800D289FC /* Sources */ = {
			isa = PBXSourcesBuildPhase;
			buildActionMask = 2147483647;
			files = (
				E5EB10AD227E224800D289FC /* ViewController.swift in Sources */,
				E5EB10A9227E224800D289FC /* AppDelegate.swift in Sources */,
			);
			runOnlyForDeploymentPostprocessing = 0;
		};
/* End PBXSourcesBuildPhase section */

/* Begin PBXVariantGroup section */
		E5EB10AE227E224800D289FC /* Main.storyboard */ = {
			isa = PBXVariantGroup;
			children = (
				E5EB10AF227E224800D289FC /* Base */,
			);
			name = Main.storyboard;
			sourceTree = "<group>";
		};
		E5EB10B3227E224900D289FC /* LaunchScreen.storyboard */ = {
			isa = PBXVariantGroup;
			children = (
				E5EB10B4227E224900D289FC /* Base */,
			);
			name = LaunchScreen.storyboard;
			sourceTree = "<group>";
		};
/* End PBXVariantGroup section */

/* Begin XCBuildConfiguration section */
		E5EB10B7227E224900D289FC /* Debug */ = {
			isa = XCBuildConfiguration;
			buildSettings = {
				ALWAYS_SEARCH_USER_PATHS = NO;
				CLANG_ANALYZER_NONNULL = YES;
				CLANG_ANALYZER_NUMBER_OBJECT_CONVERSION = YES_AGGRESSIVE;
				CLANG_CXX_LANGUAGE_STANDARD = "gnu++14";
				CLANG_CXX_LIBRARY = "libc++";
				CLANG_ENABLE_MODULES = YES;
				CLANG_ENABLE_OBJC_ARC = YES;
				CLANG_ENABLE_OBJC_WEAK = YES;
				CLANG_WARN_BLOCK_CAPTURE_AUTORELEASING = YES;
				CLANG_WARN_BOOL_CONVERSION = YES;
				CLANG_WARN_COMMA = YES;
				CLANG_WARN_CONSTANT_CONVERSION = YES;
				CLANG_WARN_DEPRECATED_OBJC_IMPLEMENTATIONS = YES;
				CLANG_WARN_DIRECT_OBJC_ISA_USAGE = YES_ERROR;
				CLANG_WARN_DOCUMENTATION_COMMENTS = YES;
				CLANG_WARN_EMPTY_BODY = YES;
				CLANG_WARN_ENUM_CONVERSION = YES;
				CLANG_WARN_INFINITE_RECURSION = YES;
				CLANG_WARN_INT_CONVERSION = YES;
				CLANG_WARN_NON_LITERAL_NULL_CONVERSION = YES;
				CLANG_WARN_OBJC_IMPLICIT_RETAIN_SELF = YES;
				CLANG_WARN_OBJC_LITERAL_CONVERSION = YES;
				CLANG_WARN_OBJC_ROOT_CLASS = YES_ERROR;
				CLANG_WARN_RANGE_LOOP_ANALYSIS = YES;
				CLANG_WARN_STRICT_PROTOTYPES = YES;
				CLANG_WARN_SUSPICIOUS_MOVE = YES;
				CLANG_WARN_UNGUARDED_AVAILABILITY = YES_AGGRESSIVE;
				CLANG_WARN_UNREACHABLE_CODE = YES;
				CLANG_WARN__DUPLICATE_METHOD_MATCH = YES;
				CODE_SIGN_IDENTITY = "iPhone Developer";
				COPY_PHASE_STRIP = NO;
				DEBUG_INFORMATION_FORMAT = dwarf;
				ENABLE_STRICT_OBJC_MSGSEND = YES;
				ENABLE_TESTABILITY = YES;
				GCC_C_LANGUAGE_STANDARD = gnu11;
				GCC_DYNAMIC_NO_PIC = NO;
				GCC_NO_COMMON_BLOCKS = YES;
				GCC_OPTIMIZATION_LEVEL = 0;
				GCC_PREPROCESSOR_DEFINITIONS = (
					"DEBUG=1",
					"$(inherited)",
				);
				GCC_WARN_64_TO_32_BIT_CONVERSION = YES;
				GCC_WARN_ABOUT_RETURN_TYPE = YES_ERROR;
				GCC_WARN_UNDECLARED_SELECTOR = YES;
				GCC_WARN_UNINITIALIZED_AUTOS = YES_AGGRESSIVE;
				GCC_WARN_UNUSED_FUNCTION = YES;
				GCC_WARN_UNUSED_VARIABLE = YES;
				IPHONEOS_DEPLOYMENT_TARGET = 12.2;
				MTL_ENABLE_DEBUG_INFO = INCLUDE_SOURCE;
				MTL_FAST_MATH = YES;
				ONLY_ACTIVE_ARCH = YES;
				SDKROOT = iphoneos;
				SWIFT_ACTIVE_COMPILATION_CONDITIONS = DEBUG;
				SWIFT_OPTIMIZATION_LEVEL = "-Onone";
			};
			name = Debug;
		};
		E5EB10B8227E224900D289FC /* Release */ = {
			isa = XCBuildConfiguration;
			buildSettings = {
				ALWAYS_SEARCH_USER_PATHS = NO;
				CLANG_ANALYZER_NONNULL = YES;
				CLANG_ANALYZER_NUMBER_OBJECT_CONVERSION = YES_AGGRESSIVE;
				CLANG_CXX_LANGUAGE_STANDARD = "gnu++14";
				CLANG_CXX_LIBRARY = "libc++";
				CLANG_ENABLE_MODULES = YES;
				CLANG_ENABLE_OBJC_ARC = YES;
				CLANG_ENABLE_OBJC_WEAK = YES;
				CLANG_WARN_BLOCK_CAPTURE_AUTORELEASING = YES;
				CLANG_WARN_BOOL_CONVERSION = YES;
				CLANG_WARN_COMMA = YES;
				CLANG_WARN_CONSTANT_CONVERSION = YES;
				CLANG_WARN_DEPRECATED_OBJC_IMPLEMENTATIONS = YES;
				CLANG_WARN_DIRECT_OBJC_ISA_USAGE = YES_ERROR;
				CLANG_WARN_DOCUMENTATION_COMMENTS = YES;
				CLANG_WARN_EMPTY_BODY = YES;
				CLANG_WARN_ENUM_CONVERSION = YES;
				CLANG_WARN_INFINITE_RECURSION = YES;
				CLANG_WARN_INT_CONVERSION = YES;
				CLANG_WARN_NON_LITERAL_NULL_CONVERSION = YES;
				CLANG_WARN_OBJC_IMPLICIT_RETAIN_SELF = YES;
				CLANG_WARN_OBJC_LITERAL_CONVERSION = YES;
				CLANG_WARN_OBJC_ROOT_CLASS = YES_ERROR;
				CLANG_WARN_RANGE_LOOP_ANALYSIS = YES;
				CLANG_WARN_STRICT_PROTOTYPES = YES;
				CLANG_WARN_SUSPICIOUS_MOVE = YES;
				CLANG_WARN_UNGUARDED_AVAILABILITY = YES_AGGRESSIVE;
				CLANG_WARN_UNREACHABLE_CODE = YES;
				CLANG_WARN__DUPLICATE_METHOD_MATCH = YES;
				CODE_SIGN_IDENTITY = "iPhone Developer";
				COPY_PHASE_STRIP = NO;
				DEBUG_INFORMATION_FORMAT = "dwarf-with-dsym";
				ENABLE_NS_ASSERTIONS = NO;
				ENABLE_STRICT_OBJC_MSGSEND = YES;
				GCC_C_LANGUAGE_STANDARD = gnu11;
				GCC_NO_COMMON_BLOCKS = YES;
				GCC_WARN_64_TO_32_BIT_CONVERSION = YES;
				GCC_WARN_ABOUT_RETURN_TYPE = YES_ERROR;
				GCC_WARN_UNDECLARED_SELECTOR = YES;
				GCC_WARN_UNINITIALIZED_AUTOS = YES_AGGRESSIVE;
				GCC_WARN_UNUSED_FUNCTION = YES;
				GCC_WARN_UNUSED_VARIABLE = YES;
				IPHONEOS_DEPLOYMENT_TARGET = 12.2;
				MTL_ENABLE_DEBUG_INFO = NO;
				MTL_FAST_MATH = YES;
				SDKROOT = iphoneos;
				SWIFT_COMPILATION_MODE = wholemodule;
				SWIFT_OPTIMIZATION_LEVEL = "-O";
				VALIDATE_PRODUCT = YES;
			};
			name = Release;
		};
		E5EB10BA227E224900D289FC /* Debug */ = {
			isa = XCBuildConfiguration;
			buildSettings = {
				ASSETCATALOG_COMPILER_APPICON_NAME = AppIcon;
				CODE_SIGN_STYLE = Automatic;
				DEVELOPMENT_TEAM = YFXAD3NGFS;
				INFOPLIST_FILE = "Evolution Animation/Info.plist";
				LD_RUNPATH_SEARCH_PATHS = (
					"$(inherited)",
					"@executable_path/Frameworks",
				);
				PRODUCT_BUNDLE_IDENTIFIER = "com.hopper723.Evolution-Animation";
				PRODUCT_NAME = "$(TARGET_NAME)";
				SWIFT_VERSION = 5.0;
				TARGETED_DEVICE_FAMILY = "1,2";
			};
			name = Debug;
		};
		E5EB10BB227E224900D289FC /* Release */ = {
			isa = XCBuildConfiguration;
			buildSettings = {
				ASSETCATALOG_COMPILER_APPICON_NAME = AppIcon;
				CODE_SIGN_STYLE = Automatic;
				DEVELOPMENT_TEAM = YFXAD3NGFS;
				INFOPLIST_FILE = "Evolution Animation/Info.plist";
				LD_RUNPATH_SEARCH_PATHS = (
					"$(inherited)",
					"@executable_path/Frameworks",
				);
				PRODUCT_BUNDLE_IDENTIFIER = "com.hopper723.Evolution-Animation";
				PRODUCT_NAME = "$(TARGET_NAME)";
				SWIFT_VERSION = 5.0;
				TARGETED_DEVICE_FAMILY = "1,2";
			};
			name = Release;
		};
/* End XCBuildConfiguration section */

/* Begin XCConfigurationList section */
		E5EB10A0227E224800D289FC /* Build configuration list for PBXProject "Evolution Animation" */ = {
			isa = XCConfigurationList;
			buildConfigurations = (
				E5EB10B7227E224900D289FC /* Debug */,
				E5EB10B8227E224900D289FC /* Release */,
			);
			defaultConfigurationIsVisible = 0;
			defaultConfigurationName = Release;
		};
		E5EB10B9227E224900D289FC /* Build configuration list for PBXNativeTarget "Evolution Animation" */ = {
			isa = XCConfigurationList;
			buildConfigurations = (
				E5EB10BA227E224900D289FC /* Debug */,
				E5EB10BB227E224900D289FC /* Release */,
			);
			defaultConfigurationIsVisible = 0;
			defaultConfigurationName = Release;
		};
/* End XCConfigurationList section */
	};
	rootObject = E5EB109D227E224800D289FC /* Project object */;
}
